
Microsoft Visual Studio Solution File, Format Version 12.00
# Visual Studio Version 17
VisualStudioVersion = 17.7.34221.43
MinimumVisualStudioVersion = 10.0.40219.1
Project("{FAE04EC0-301F-11D3-BF4B-00C04F79EFBC}") = "AgeOfWar", "AgeOfWar\AgeOfWar.csproj", "{DE142ABC-7800-47A7-93D9-CFECAEBC4837}"
EndProject
Global
	GlobalSection(SolutionConfigurationPlatforms) = preSolution
		Debug|Any CPU = Debug|Any CPU
		Release|Any CPU = Release|Any CPU
	EndGlobalSection
	GlobalSection(ProjectConfigurationPlatforms) = postSolution
		{DE142ABC-7800-47A7-93D9-CFECAEBC4837}.Debug|Any CPU.ActiveCfg = Debug|Any CPU
		{DE142ABC-7800-47A7-93D9-CFECAEBC4837}.Debug|Any CPU.Build.0 = Debug|Any CPU
		{DE142ABC-7800-47A7-93D9-CFECAEBC4837}.Release|Any CPU.ActiveCfg = Release|Any CPU
		{DE142ABC-7800-47A7-93D9-CFECAEBC4837}.Release|Any CPU.Build.0 = Release|Any CPU
	EndGlobalSection
	GlobalSection(SolutionProperties) = preSolution
		HideSolutionNode = FALSE
	EndGlobalSection
	GlobalSection(ExtensibilityGlobals) = postSolution
		SolutionGuid = {712315EF-C4A0-48EB-92AB-EEA434B94FCD}
	EndGlobalSection
EndGlobal
